// !$*UTF8*$!
{
	archiveVersion = 1;
	classes = {
	};
	objectVersion = 50;
	objects = {

/* Begin PBXBuildFile section */
		1E354628231F4D5200943D39 /* AppDelegate.swift in Sources */ = {isa = PBXBuildFile; fileRef = 1E354627231F4D5200943D39 /* AppDelegate.swift */; };
		1E35462A231F4D5200943D39 /* ViewController.swift in Sources */ = {isa = PBXBuildFile; fileRef = 1E354629231F4D5200943D39 /* ViewController.swift */; };
		1E35462D231F4D5200943D39 /* Main.storyboard in Resources */ = {isa = PBXBuildFile; fileRef = 1E35462B231F4D5200943D39 /* Main.storyboard */; };
		1E35462F231F4D5500943D39 /* Assets.xcassets in Resources */ = {isa = PBXBuildFile; fileRef = 1E35462E231F4D5500943D39 /* Assets.xcassets */; };
		1E354632231F4D5500943D39 /* LaunchScreen.storyboard in Resources */ = {isa = PBXBuildFile; fileRef = 1E354630231F4D5500943D39 /* LaunchScreen.storyboard */; };
		1E35463D231F4D5500943D39 /* soundboardTests.swift in Sources */ = {isa = PBXBuildFile; fileRef = 1E35463C231F4D5500943D39 /* soundboardTests.swift */; };
/* End PBXBuildFile section */

/* Begin PBXContainerItemProxy section */
		1E354639231F4D5500943D39 /* PBXContainerItemProxy */ = {
			isa = PBXContainerItemProxy;
			containerPortal = 1E35461C231F4D5200943D39 /* Project object */;
			proxyType = 1;
			remoteGlobalIDString = 1E354623231F4D5200943D39;
			remoteInfo = soundboard;
		};
/* End PBXContainerItemProxy section */

/* Begin PBXFileReference section */
		1E354624231F4D5200943D39 /* soundboard.app */ = {isa = PBXFileReference; explicitFileType = wrapper.application; includeInIndex = 0; path = soundboard.app; sourceTree = BUILT_PRODUCTS_DIR; };
		1E354627231F4D5200943D39 /* AppDelegate.swift */ = {isa = PBXFileReference; lastKnownFileType = sourcecode.swift; path = AppDelegate.swift; sourceTree = "<group>"; };
		1E354629231F4D5200943D39 /* ViewController.swift */ = {isa = PBXFileReference; lastKnownFileType = sourcecode.swift; path = ViewController.swift; sourceTree = "<group>"; };
		1E35462C231F4D5200943D39 /* Base */ = {isa = PBXFileReference; lastKnownFileType = file.storyboard; name = Base; path = Base.lproj/Main.storyboard; sourceTree = "<group>"; };
		1E35462E231F4D5500943D39 /* Assets.xcassets */ = {isa = PBXFileReference; lastKnownFileType = folder.assetcatalog; path = Assets.xcassets; sourceTree = "<group>"; };
		1E354631231F4D5500943D39 /* Base */ = {isa = PBXFileReference; lastKnownFileType = file.storyboard; name = Base; path = Base.lproj/LaunchScreen.storyboard; sourceTree = "<group>"; };
		1E354633231F4D5500943D39 /* Info.plist */ = {isa = PBXFileReference; lastKnownFileType = text.plist.xml; path = Info.plist; sourceTree = "<group>"; };
		1E354638231F4D5500943D39 /* soundboardTests.xctest */ = {isa = PBXFileReference; explicitFileType = wrapper.cfbundle; includeInIndex = 0; path = soundboardTests.xctest; sourceTree = BUILT_PRODUCTS_DIR; };
		1E35463C231F4D5500943D39 /* soundboardTests.swift */ = {isa = PBXFileReference; lastKnownFileType = sourcecode.swift; path = soundboardTests.swift; sourceTree = "<group>"; };
		1E35463E231F4D5500943D39 /* Info.plist */ = {isa = PBXFileReference; lastKnownFileType = text.plist.xml; path = Info.plist; sourceTree = "<group>"; };
/* End PBXFileReference section */

/* Begin PBXFrameworksBuildPhase section */
		1E354621231F4D5200943D39 /* Frameworks */ = {
			isa = PBXFrameworksBuildPhase;
			buildActionMask = 2147483647;
			files = (
			);
			runOnlyForDeploymentPostprocessing = 0;
		};
		1E354635231F4D5500943D39 /* Frameworks */ = {
			isa = PBXFrameworksBuildPhase;
			buildActionMask = 2147483647;
			files = (
			);
			runOnlyForDeploymentPostprocessing = 0;
		};
/* End PBXFrameworksBuildPhase section */

/* Begin PBXGroup section */
		1E35461B231F4D5200943D39 = {
			isa = PBXGroup;
			children = (
				1E354626231F4D5200943D39 /* soundboard */,
				1E35463B231F4D5500943D39 /* soundboardTests */,
				1E354625231F4D5200943D39 /* Products */,
			);
			sourceTree = "<group>";
		};
		1E354625231F4D5200943D39 /* Products */ = {
			isa = PBXGroup;
			children = (
				1E354624231F4D5200943D39 /* soundboard.app */,
				1E354638231F4D5500943D39 /* soundboardTests.xctest */,
			);
			name = Products;
			sourceTree = "<group>";
		};
		1E354626231F4D5200943D39 /* soundboard */ = {
			isa = PBXGroup;
			children = (
				1E354627231F4D5200943D39 /* AppDelegate.swift */,
				1E354629231F4D5200943D39 /* ViewController.swift */,
				1E35462B231F4D5200943D39 /* Main.storyboard */,
				1E35462E231F4D5500943D39 /* Assets.xcassets */,
				1E354630231F4D5500943D39 /* LaunchScreen.storyboard */,
				1E354633231F4D5500943D39 /* Info.plist */,
			);
			path = soundboard;
			sourceTree = "<group>";
		};
		1E35463B231F4D5500943D39 /* soundboardTests */ = {
			isa = PBXGroup;
			children = (
				1E35463C231F4D5500943D39 /* soundboardTests.swift */,
				1E35463E231F4D5500943D39 /* Info.plist */,
			);
			path = soundboardTests;
			sourceTree = "<group>";
		};
/* End PBXGroup section */

/* Begin PBXNativeTarget section */
		1E354623231F4D5200943D39 /* soundboard */ = {
			isa = PBXNativeTarget;
			buildConfigurationList = 1E354641231F4D5500943D39 /* Build configuration list for PBXNativeTarget "soundboard" */;
			buildPhases = (
				1E354620231F4D5200943D39 /* Sources */,
				1E354621231F4D5200943D39 /* Frameworks */,
				1E354622231F4D5200943D39 /* Resources */,
			);
			buildRules = (
			);
			dependencies = (
			);
			name = soundboard;
			productName = soundboard;
			productReference = 1E354624231F4D5200943D39 /* soundboard.app */;
			productType = "com.apple.product-type.application";
		};
		1E354637231F4D5500943D39 /* soundboardTests */ = {
			isa = PBXNativeTarget;
			buildConfigurationList = 1E354644231F4D5500943D39 /* Build configuration list for PBXNativeTarget "soundboardTests" */;
			buildPhases = (
				1E354634231F4D5500943D39 /* Sources */,
				1E354635231F4D5500943D39 /* Frameworks */,
				1E354636231F4D5500943D39 /* Resources */,
			);
			buildRules = (
			);
			dependencies = (
				1E35463A231F4D5500943D39 /* PBXTargetDependency */,
			);
			name = soundboardTests;
			productName = soundboardTests;
			productReference = 1E354638231F4D5500943D39 /* soundboardTests.xctest */;
			productType = "com.apple.product-type.bundle.unit-test";
		};
/* End PBXNativeTarget section */

/* Begin PBXProject section */
		1E35461C231F4D5200943D39 /* Project object */ = {
			isa = PBXProject;
			attributes = {
				LastSwiftUpdateCheck = 1010;
				LastUpgradeCheck = 1010;
				ORGANIZATIONNAME = "Bahdo LLC";
				TargetAttributes = {
					1E354623231F4D5200943D39 = {
						CreatedOnToolsVersion = 10.1;
					};
					1E354637231F4D5500943D39 = {
						CreatedOnToolsVersion = 10.1;
						TestTargetID = 1E354623231F4D5200943D39;
					};
				};
			};
			buildConfigurationList = 1E35461F231F4D5200943D39 /* Build configuration list for PBXProject "soundboard" */;
			compatibilityVersion = "Xcode 9.3";
			developmentRegion = en;
			hasScannedForEncodings = 0;
			knownRegions = (
				en,
				Base,
			);
			mainGroup = 1E35461B231F4D5200943D39;
			productRefGroup = 1E354625231F4D5200943D39 /* Products */;
			projectDirPath = "";
			projectRoot = "";
			targets = (
				1E354623231F4D5200943D39 /* soundboard */,
				1E354637231F4D5500943D39 /* soundboardTests */,
			);
		};
/* End PBXProject section */

/* Begin PBXResourcesBuildPhase section */
		1E354622231F4D5200943D39 /* Resources */ = {
			isa = PBXResourcesBuildPhase;
			buildActionMask = 2147483647;
			files = (
				1E354632231F4D5500943D39 /* LaunchScreen.storyboard in Resources */,
				1E35462F231F4D5500943D39 /* Assets.xcassets in Resources */,
				1E35462D231F4D5200943D39 /* Main.storyboard in Resources */,
			);
			runOnlyForDeploymentPostprocessing = 0;
		};
		1E354636231F4D5500943D39 /* Resources */ = {
			isa = PBXResourcesBuildPhase;
			buildActionMask = 2147483647;
			files = (
			);
			runOnlyForDeploymentPostprocessing = 0;
		};
/* End PBXResourcesBuildPhase section */

/* Begin PBXSourcesBuildPhase section */
		1E354620231F4D5200943D39 /* Sources */ = {
			isa = PBXSourcesBuildPhase;
			buildActionMask = 2147483647;
			files = (
				1E35462A231F4D5200943D39 /* ViewController.swift in Sources */,
				1E354628231F4D5200943D39 /* AppDelegate.swift in Sources */,
			);
			runOnlyForDeploymentPostprocessing = 0;
		};
		1E354634231F4D5500943D39 /* Sources */ = {
			isa = PBXSourcesBuildPhase;
			buildActionMask = 2147483647;
			files = (
				1E35463D231F4D5500943D39 /* soundboardTests.swift in Sources */,
			);
			runOnlyForDeploymentPostprocessing = 0;
		};
/* End PBXSourcesBuildPhase section */

/* Begin PBXTargetDependency section */
		1E35463A231F4D5500943D39 /* PBXTargetDependency */ = {
			isa = PBXTargetDependency;
			target = 1E354623231F4D5200943D39 /* soundboard */;
			targetProxy = 1E354639231F4D5500943D39 /* PBXContainerItemProxy */;
		};
/* End PBXTargetDependency section */

/* Begin PBXVariantGroup section */
		1E35462B231F4D5200943D39 /* Main.storyboard */ = {
			isa = PBXVariantGroup;
			children = (
				1E35462C231F4D5200943D39 /* Base */,
			);
			name = Main.storyboard;
			sourceTree = "<group>";
		};
		1E354630231F4D5500943D39 /* LaunchScreen.storyboard */ = {
			isa = PBXVariantGroup;
			children = (
				1E354631231F4D5500943D39 /* Base */,
			);
			name = LaunchScreen.storyboard;
			sourceTree = "<group>";
		};
/* End PBXVariantGroup section */

/* Begin XCBuildConfiguration section */
		1E35463F231F4D5500943D39 /* Debug */ = {
			isa = XCBuildConfiguration;
			buildSettings = {
				ALWAYS_SEARCH_USER_PATHS = NO;
				CLANG_ANALYZER_NONNULL = YES;
				CLANG_ANALYZER_NUMBER_OBJECT_CONVERSION = YES_AGGRESSIVE;
				CLANG_CXX_LANGUAGE_STANDARD = "gnu++14";
				CLANG_CXX_LIBRARY = "libc++";
				CLANG_ENABLE_MODULES = YES;
				CLANG_ENABLE_OBJC_ARC = YES;
				CLANG_ENABLE_OBJC_WEAK = YES;
				CLANG_WARN_BLOCK_CAPTURE_AUTORELEASING = YES;
				CLANG_WARN_BOOL_CONVERSION = YES;
				CLANG_WARN_COMMA = YES;
				CLANG_WARN_CONSTANT_CONVERSION = YES;
				CLANG_WARN_DEPRECATED_OBJC_IMPLEMENTATIONS = YES;
				CLANG_WARN_DIRECT_OBJC_ISA_USAGE = YES_ERROR;
				CLANG_WARN_DOCUMENTATION_COMMENTS = YES;
				CLANG_WARN_EMPTY_BODY = YES;
				CLANG_WARN_ENUM_CONVERSION = YES;
				CLANG_WARN_INFINITE_RECURSION = YES;
				CLANG_WARN_INT_CONVERSION = YES;
				CLANG_WARN_NON_LITERAL_NULL_CONVERSION = YES;
				CLANG_WARN_OBJC_IMPLICIT_RETAIN_SELF = YES;
				CLANG_WARN_OBJC_LITERAL_CONVERSION = YES;
				CLANG_WARN_OBJC_ROOT_CLASS = YES_ERROR;
				CLANG_WARN_RANGE_LOOP_ANALYSIS = YES;
				CLANG_WARN_STRICT_PROTOTYPES = YES;
				CLANG_WARN_SUSPICIOUS_MOVE = YES;
				CLANG_WARN_UNGUARDED_AVAILABILITY = YES_AGGRESSIVE;
				CLANG_WARN_UNREACHABLE_CODE = YES;
				CLANG_WARN__DUPLICATE_METHOD_MATCH = YES;
				CODE_SIGN_IDENTITY = "iPhone Developer";
				COPY_PHASE_STRIP = NO;
				DEBUG_INFORMATION_FORMAT = dwarf;
				ENABLE_STRICT_OBJC_MSGSEND = YES;
				ENABLE_TESTABILITY = YES;
				GCC_C_LANGUAGE_STANDARD = gnu11;
				GCC_DYNAMIC_NO_PIC = NO;
				GCC_NO_COMMON_BLOCKS = YES;
				GCC_OPTIMIZATION_LEVEL = 0;
				GCC_PREPROCESSOR_DEFINITIONS = (
					"DEBUG=1",
					"$(inherited)",
				);
				GCC_WARN_64_TO_32_BIT_CONVERSION = YES;
				GCC_WARN_ABOUT_RETURN_TYPE = YES_ERROR;
				GCC_WARN_UNDECLARED_SELECTOR = YES;
				GCC_WARN_UNINITIALIZED_AUTOS = YES_AGGRESSIVE;
				GCC_WARN_UNUSED_FUNCTION = YES;
				GCC_WARN_UNUSED_VARIABLE = YES;
				IPHONEOS_DEPLOYMENT_TARGET = 12.1;
				MTL_ENABLE_DEBUG_INFO = INCLUDE_SOURCE;
				MTL_FAST_MATH = YES;
				ONLY_ACTIVE_ARCH = YES;
				SDKROOT = iphoneos;
				SWIFT_ACTIVE_COMPILATION_CONDITIONS = DEBUG;
				SWIFT_OPTIMIZATION_LEVEL = "-Onone";
			};
			name = Debug;
		};
		1E354640231F4D5500943D39 /* Release */ = {
			isa = XCBuildConfiguration;
			buildSettings = {
				ALWAYS_SEARCH_USER_PATHS = NO;
				CLANG_ANALYZER_NONNULL = YES;
				CLANG_ANALYZER_NUMBER_OBJECT_CONVERSION = YES_AGGRESSIVE;
				CLANG_CXX_LANGUAGE_STANDARD = "gnu++14";
				CLANG_CXX_LIBRARY = "libc++";
				CLANG_ENABLE_MODULES = YES;
				CLANG_ENABLE_OBJC_ARC = YES;
				CLANG_ENABLE_OBJC_WEAK = YES;
				CLANG_WARN_BLOCK_CAPTURE_AUTORELEASING = YES;
				CLANG_WARN_BOOL_CONVERSION = YES;
				CLANG_WARN_COMMA = YES;
				CLANG_WARN_CONSTANT_CONVERSION = YES;
				CLANG_WARN_DEPRECATED_OBJC_IMPLEMENTATIONS = YES;
				CLANG_WARN_DIRECT_OBJC_ISA_USAGE = YES_ERROR;
				CLANG_WARN_DOCUMENTATION_COMMENTS = YES;
				CLANG_WARN_EMPTY_BODY = YES;
				CLANG_WARN_ENUM_CONVERSION = YES;
				CLANG_WARN_INFINITE_RECURSION = YES;
				CLANG_WARN_INT_CONVERSION = YES;
				CLANG_WARN_NON_LITERAL_NULL_CONVERSION = YES;
				CLANG_WARN_OBJC_IMPLICIT_RETAIN_SELF = YES;
				CLANG_WARN_OBJC_LITERAL_CONVERSION = YES;
				CLANG_WARN_OBJC_ROOT_CLASS = YES_ERROR;
				CLANG_WARN_RANGE_LOOP_ANALYSIS = YES;
				CLANG_WARN_STRICT_PROTOTYPES = YES;
				CLANG_WARN_SUSPICIOUS_MOVE = YES;
				CLANG_WARN_UNGUARDED_AVAILABILITY = YES_AGGRESSIVE;
				CLANG_WARN_UNREACHABLE_CODE = YES;
				CLANG_WARN__DUPLICATE_METHOD_MATCH = YES;
				CODE_SIGN_IDENTITY = "iPhone Developer";
				COPY_PHASE_STRIP = NO;
				DEBUG_INFORMATION_FORMAT = "dwarf-with-dsym";
				ENABLE_NS_ASSERTIONS = NO;
				ENABLE_STRICT_OBJC_MSGSEND = YES;
				GCC_C_LANGUAGE_STANDARD = gnu11;
				GCC_NO_COMMON_BLOCKS = YES;
				GCC_WARN_64_TO_32_BIT_CONVERSION = YES;
				GCC_WARN_ABOUT_RETURN_TYPE = YES_ERROR;
				GCC_WARN_UNDECLARED_SELECTOR = YES;
				GCC_WARN_UNINITIALIZED_AUTOS = YES_AGGRESSIVE;
				GCC_WARN_UNUSED_FUNCTION = YES;
				GCC_WARN_UNUSED_VARIABLE = YES;
				IPHONEOS_DEPLOYMENT_TARGET = 12.1;
				MTL_ENABLE_DEBUG_INFO = NO;
				MTL_FAST_MATH = YES;
				SDKROOT = iphoneos;
				SWIFT_COMPILATION_MODE = wholemodule;
				SWIFT_OPTIMIZATION_LEVEL = "-O";
				VALIDATE_PRODUCT = YES;
			};
			name = Release;
		};
		1E354642231F4D5500943D39 /* Debug */ = {
			isa = XCBuildConfiguration;
			buildSettings = {
				ASSETCATALOG_COMPILER_APPICON_NAME = AppIcon;
				CODE_SIGN_STYLE = Automatic;
				INFOPLIST_FILE = soundboard/Info.plist;
				LD_RUNPATH_SEARCH_PATHS = (
					"$(inherited)",
					"@executable_path/Frameworks",
				);
				PRODUCT_BUNDLE_IDENTIFIER = com.BahdoLLC.soundboard;
				PRODUCT_NAME = "$(TARGET_NAME)";
				SWIFT_VERSION = 4.2;
				TARGETED_DEVICE_FAMILY = "1,2";
			};
			name = Debug;
		};
		1E354643231F4D5500943D39 /* Release */ = {
			isa = XCBuildConfiguration;
			buildSettings = {
				ASSETCATALOG_COMPILER_APPICON_NAME = AppIcon;
				CODE_SIGN_STYLE = Automatic;
				INFOPLIST_FILE = soundboard/Info.plist;
				LD_RUNPATH_SEARCH_PATHS = (
					"$(inherited)",
					"@executable_path/Frameworks",
				);
				PRODUCT_BUNDLE_IDENTIFIER = com.BahdoLLC.soundboard;
				PRODUCT_NAME = "$(TARGET_NAME)";
				SWIFT_VERSION = 4.2;
				TARGETED_DEVICE_FAMILY = "1,2";
			};
			name = Release;
		};
		1E354645231F4D5500943D39 /* Debug */ = {
			isa = XCBuildConfiguration;
			buildSettings = {
				ALWAYS_EMBED_SWIFT_STANDARD_LIBRARIES = YES;
				BUNDLE_LOADER = "$(TEST_HOST)";
				CODE_SIGN_STYLE = Automatic;
				INFOPLIST_FILE = soundboardTests/Info.plist;
				LD_RUNPATH_SEARCH_PATHS = (
					"$(inherited)",
					"@executable_path/Frameworks",
					"@loader_path/Frameworks",
				);
				PRODUCT_BUNDLE_IDENTIFIER = com.BahdoLLC.soundboardTests;
				PRODUCT_NAME = "$(TARGET_NAME)";
				SWIFT_VERSION = 4.2;
				TARGETED_DEVICE_FAMILY = "1,2";
				TEST_HOST = "$(BUILT_PRODUCTS_DIR)/soundboard.app/soundboard";
			};
			name = Debug;
		};
		1E354646231F4D5500943D39 /* Release */ = {
			isa = XCBuildConfiguration;
			buildSettings = {
				ALWAYS_EMBED_SWIFT_STANDARD_LIBRARIES = YES;
				BUNDLE_LOADER = "$(TEST_HOST)";
				CODE_SIGN_STYLE = Automatic;
				INFOPLIST_FILE = soundboardTests/Info.plist;
				LD_RUNPATH_SEARCH_PATHS = (
					"$(inherited)",
					"@executable_path/Frameworks",
					"@loader_path/Frameworks",
				);
				PRODUCT_BUNDLE_IDENTIFIER = com.BahdoLLC.soundboardTests;
				PRODUCT_NAME = "$(TARGET_NAME)";
				SWIFT_VERSION = 4.2;
				TARGETED_DEVICE_FAMILY = "1,2";
				TEST_HOST = "$(BUILT_PRODUCTS_DIR)/soundboard.app/soundboard";
			};
			name = Release;
		};
/* End XCBuildConfiguration section */

/* Begin XCConfigurationList section */
		1E35461F231F4D5200943D39 /* Build configuration list for PBXProject "soundboard" */ = {
			isa = XCConfigurationList;
			buildConfigurations = (
				1E35463F231F4D5500943D39 /* Debug */,
				1E354640231F4D5500943D39 /* Release */,
			);
			defaultConfigurationIsVisible = 0;
			defaultConfigurationName = Release;
		};
		1E354641231F4D5500943D39 /* Build configuration list for PBXNativeTarget "soundboard" */ = {
			isa = XCConfigurationList;
			buildConfigurations = (
				1E354642231F4D5500943D39 /* Debug */,
				1E354643231F4D5500943D39 /* Release */,
			);
			defaultConfigurationIsVisible = 0;
			defaultConfigurationName = Release;
		};
		1E354644231F4D5500943D39 /* Build configuration list for PBXNativeTarget "soundboardTests" */ = {
			isa = XCConfigurationList;
			buildConfigurations = (
				1E354645231F4D5500943D39 /* Debug */,
				1E354646231F4D5500943D39 /* Release */,
			);
			defaultConfigurationIsVisible = 0;
			defaultConfigurationName = Release;
		};
/* End XCConfigurationList section */
	};
	rootObject = 1E35461C231F4D5200943D39 /* Project object */;
}
